
Microsoft Visual Studio Solution File, Format Version 12.00
# Visual Studio Version 17
VisualStudioVersion = 17.13.35825.156
MinimumVisualStudioVersion = 10.0.40219.1
Project("{FAE04EC0-301F-11D3-BF4B-00C04F79EFBC}") = "ProcessTerminator", "src\ProcessTerminator\ProcessTerminator.csproj", "{111CAE2B-21A3-B9AF-2DD8-46506D880433}"
EndProject
Global
	GlobalSection(SolutionConfigurationPlatforms) = preSolution
		Debug|Any CPU = Debug|Any CPU
		Release|Any CPU = Release|Any CPU
	EndGlobalSection
	GlobalSection(ProjectConfigurationPlatforms) = postSolution
		{111CAE2B-21A3-B9AF-2DD8-46506D880433}.Debug|Any CPU.ActiveCfg = Debug|Any CPU
		{111CAE2B-21A3-B9AF-2DD8-46506D880433}.Debug|Any CPU.Build.0 = Debug|Any CPU
		{111CAE2B-21A3-B9AF-2DD8-46506D880433}.Release|Any CPU.ActiveCfg = Release|Any CPU
		{111CAE2B-21A3-B9AF-2DD8-46506D880433}.Release|Any CPU.Build.0 = Release|Any CPU
	EndGlobalSection
	GlobalSection(SolutionProperties) = preSolution
		HideSolutionNode = FALSE
	EndGlobalSection
	GlobalSection(ExtensibilityGlobals) = postSolution
		SolutionGuid = {6A415F8E-6CD6-4ECF-8F34-8769AEC21A0F}
	EndGlobalSection
EndGlobal
